
Microsoft Visual Studio Solution File, Format Version 12.00
# Visual Studio Version 17
VisualStudioVersion = 17.8.34511.84
MinimumVisualStudioVersion = 10.0.40219.1
Project("{FAE04EC0-301F-11D3-BF4B-00C04F79EFBC}") = "NZWalks.API", "NZWalks.API\NZWalks.API.csproj", "{BB35CE8D-DDAE-4E16-ACF7-CCBFA685FCF0}"
EndProject
Global
	GlobalSection(SolutionConfigurationPlatforms) = preSolution
		Debug|Any CPU = Debug|Any CPU
		Release|Any CPU = Release|Any CPU
	EndGlobalSection
	GlobalSection(ProjectConfigurationPlatforms) = postSolution
		{BB35CE8D-DDAE-4E16-ACF7-CCBFA685FCF0}.Debug|Any CPU.ActiveCfg = Debug|Any CPU
		{BB35CE8D-DDAE-4E16-ACF7-CCBFA685FCF0}.Debug|Any CPU.Build.0 = Debug|Any CPU
		{BB35CE8D-DDAE-4E16-ACF7-CCBFA685FCF0}.Release|Any CPU.ActiveCfg = Release|Any CPU
		{BB35CE8D-DDAE-4E16-ACF7-CCBFA685FCF0}.Release|Any CPU.Build.0 = Release|Any CPU
	EndGlobalSection
	GlobalSection(SolutionProperties) = preSolution
		HideSolutionNode = FALSE
	EndGlobalSection
	GlobalSection(ExtensibilityGlobals) = postSolution
		SolutionGuid = {D9FD2F6B-B6FA-416F-BD81-D5CBDBF8CA51}
	EndGlobalSection
EndGlobal
